
Microsoft Visual Studio Solution File, Format Version 12.00
# Visual Studio Version 16
VisualStudioVersion = 16.0.31025.194
MinimumVisualStudioVersion = 10.0.40219.1
Project("{FAE04EC0-301F-11D3-BF4B-00C04F79EFBC}") = "ProjectGenesis", "ProjectGenesis.csproj", "{EFF66744-FAF7-461E-B86E-7130E64E16DF}"
EndProject
Project("{FAE04EC0-301F-11D3-BF4B-00C04F79EFBC}") = "ProjectGenesis.Preloader", "preloader/ProjectGenesis.Preloader.csproj", "{E07968B0-4405-43ED-9F89-BCAE7390EEAF}"
EndProject
Project("{FAE04EC0-301F-11D3-BF4B-00C04F79EFBC}") = "ProjectGenesis.Packer", "packer/ProjectGenesis.Packer.csproj", "{F7D5FFDE-43BB-4EFB-B3FE-B0219922B0F2}"
EndProject
Global
	GlobalSection(SolutionConfigurationPlatforms) = preSolution
		Debug|Any CPU = Debug|Any CPU
		Release|Any CPU = Release|Any CPU
	EndGlobalSection
	GlobalSection(ProjectConfigurationPlatforms) = postSolution
		{EFF66744-FAF7-461E-B86E-7130E64E16DF}.Debug|Any CPU.ActiveCfg = Debug|Any CPU
		{EFF66744-FAF7-461E-B86E-7130E64E16DF}.Debug|Any CPU.Build.0 = Debug|Any CPU
		{EFF66744-FAF7-461E-B86E-7130E64E16DF}.Release|Any CPU.ActiveCfg = Release|Any CPU
		{EFF66744-FAF7-461E-B86E-7130E64E16DF}.Release|Any CPU.Build.0 = Release|Any CPU
		{E07968B0-4405-43ED-9F89-BCAE7390EEAF}.Debug|Any CPU.ActiveCfg = Debug|Any CPU
		{E07968B0-4405-43ED-9F89-BCAE7390EEAF}.Debug|Any CPU.Build.0 = Debug|Any CPU
		{E07968B0-4405-43ED-9F89-BCAE7390EEAF}.Release|Any CPU.ActiveCfg = Release|Any CPU
		{E07968B0-4405-43ED-9F89-BCAE7390EEAF}.Release|Any CPU.Build.0 = Release|Any CPU
		{F7D5FFDE-43BB-4EFB-B3FE-B0219922B0F2}.Debug|Any CPU.ActiveCfg = Debug|Any CPU
		{F7D5FFDE-43BB-4EFB-B3FE-B0219922B0F2}.Debug|Any CPU.Build.0 = Debug|Any CPU
		{F7D5FFDE-43BB-4EFB-B3FE-B0219922B0F2}.Release|Any CPU.ActiveCfg = Release|Any CPU
		{F7D5FFDE-43BB-4EFB-B3FE-B0219922B0F2}.Release|Any CPU.Build.0 = Release|Any CPU
	EndGlobalSection
	GlobalSection(SolutionProperties) = preSolution
		HideSolutionNode = FALSE
	EndGlobalSection
	GlobalSection(ExtensibilityGlobals) = postSolution
		SolutionGuid = {50006A02-34FA-4D98-979C-8582CB6FE6C4}
	EndGlobalSection
EndGlobal
